// !$*UTF8*$!
{
	archiveVersion = 1;
	classes = {
	};
	objectVersion = 44;
	objects = {

/* Begin PBXBuildFile section */
		3B1ED4E6106FBAD80056082F /* PasswordDialogController.py in Resources */ = {isa = PBXBuildFile; fileRef = 3B1ED4E5106FBAD80056082F /* PasswordDialogController.py */; };
		3B1ED59D106FD8790056082F /* vault.py in Copy loxodo */ = {isa = PBXBuildFile; fileRef = 3B1ED59C106FD8790056082F /* vault.py */; };
		3B1ED5A4106FDA5B0056082F /* __init__.py in Copy loxodo */ = {isa = PBXBuildFile; fileRef = 3BE6A004106EBCDD0034E04A /* __init__.py */; };
		3B1ED5A5106FDA5F0056082F /* __init__.py in Resources */ = {isa = PBXBuildFile; fileRef = 3B1ED584106FD56C0056082F /* __init__.py */; };
		3B1ED5A7106FDA820056082F /* __init__.py in Copy twofish */ = {isa = PBXBuildFile; fileRef = 3BE6A006106EBCDD0034E04A /* __init__.py */; };
		3B1ED5A8106FDA820056082F /* twofish.py in Copy twofish */ = {isa = PBXBuildFile; fileRef = 3BE6A007106EBCDD0034E04A /* twofish.py */; };
		3B1ED5A9106FDA820056082F /* twofish_cbc.py in Copy twofish */ = {isa = PBXBuildFile; fileRef = 3BE6A008106EBCDD0034E04A /* twofish_cbc.py */; };
		3B1ED5AA106FDA820056082F /* twofish_ecb.py in Copy twofish */ = {isa = PBXBuildFile; fileRef = 3BE6A009106EBCDD0034E04A /* twofish_ecb.py */; };
		3B387B7F106D76390081CC64 /* PCDataSource.py in Resources */ = {isa = PBXBuildFile; fileRef = 3B387B7E106D76390081CC64 /* PCDataSource.py */; };
		3B4AA5DC10CABEC100BB1028 /* Localizable.strings in Resources */ = {isa = PBXBuildFile; fileRef = 3B4AA5DA10CABEC100BB1028 /* Localizable.strings */; };
		3B4D2B2710AD7FD600DC23DE /* PasswordChestAppDelegate.py in Resources */ = {isa = PBXBuildFile; fileRef = 3B4D2B2610AD7FD600DC23DE /* PasswordChestAppDelegate.py */; };
		3B4D2B2D10AD807F00DC23DE /* PasswordDialog.xib in Resources */ = {isa = PBXBuildFile; fileRef = 3B4D2B2C10AD807F00DC23DE /* PasswordDialog.xib */; };
		3B4D2B2F10AD808F00DC23DE /* PasswordGenerator.xib in Resources */ = {isa = PBXBuildFile; fileRef = 3B4D2B2E10AD808F00DC23DE /* PasswordGenerator.xib */; };
		3B4D2B3110AD809900DC23DE /* PreferencesWindow.xib in Resources */ = {isa = PBXBuildFile; fileRef = 3B4D2B3010AD809900DC23DE /* PreferencesWindow.xib */; };
		3B4D2B3F10AD820700DC23DE /* PCSplitView.py in Resources */ = {isa = PBXBuildFile; fileRef = 3B4D2B3E10AD820700DC23DE /* PCSplitView.py */; };
		3B4D2BBE10ADC1FE00DC23DE /* Sparkle.framework in Frameworks */ = {isa = PBXBuildFile; fileRef = 3B4D2BBD10ADC1FE00DC23DE /* Sparkle.framework */; };
		3B4D2BC710ADC22900DC23DE /* Sparkle.framework in Copy Frameworks */ = {isa = PBXBuildFile; fileRef = 3B4D2BBD10ADC1FE00DC23DE /* Sparkle.framework */; };
		3B6267B810A5D679000E18D6 /* PreferencesWindowController.py in Resources */ = {isa = PBXBuildFile; fileRef = 3B6267B710A5D679000E18D6 /* PreferencesWindowController.py */; };
		3B6267DE10A5DF5E000E18D6 /* Defaults.plist in Resources */ = {isa = PBXBuildFile; fileRef = 3B6267DD10A5DF5E000E18D6 /* Defaults.plist */; };
		3B62E5B4108B74B800F698EE /* util.py in Resources */ = {isa = PBXBuildFile; fileRef = 3B62E5B3108B74B800F698EE /* util.py */; };
		3B90CCCB10E6192F001DA845 /* dsa_pub.pem in Resources */ = {isa = PBXBuildFile; fileRef = 3B90CCCA10E6192F001DA845 /* dsa_pub.pem */; };
		3BA9645B106D70D500C66D59 /* BWToolkitFramework.framework in Frameworks */ = {isa = PBXBuildFile; fileRef = 3BA9645A106D70D500C66D59 /* BWToolkitFramework.framework */; };
		3BA964BF106D718C00C66D59 /* BWToolkitFramework.framework in Copy Frameworks */ = {isa = PBXBuildFile; fileRef = 3BA9645A106D70D500C66D59 /* BWToolkitFramework.framework */; };
		3BA964C2106D71BA00C66D59 /* PCDocument.xib in Resources */ = {isa = PBXBuildFile; fileRef = 3BA964C0106D71BA00C66D59 /* PCDocument.xib */; };
		3BA964C5106D71D200C66D59 /* EntryWindow.xib in Resources */ = {isa = PBXBuildFile; fileRef = 3BA964C3106D71D200C66D59 /* EntryWindow.xib */; };
		3BAE89E1107F96E10071CE06 /* chest.icns in Resources */ = {isa = PBXBuildFile; fileRef = 3BAE89E0107F96E10071CE06 /* chest.icns */; };
		3BAE8A78107FBA440071CE06 /* PCDocument.py in Resources */ = {isa = PBXBuildFile; fileRef = 3BAE8A77107FBA440071CE06 /* PCDocument.py */; };
		3BAE8A89107FBC180071CE06 /* Credits.rtf in Resources */ = {isa = PBXBuildFile; fileRef = 3BAE8A87107FBC180071CE06 /* Credits.rtf */; };
		3BAE8ABD107FDDDD0071CE06 /* chest-document.icns in Resources */ = {isa = PBXBuildFile; fileRef = 3BAE8ABC107FDDDD0071CE06 /* chest-document.icns */; };
		3BB0C1E410C2E1AC00B2AC22 /* PasswordGeneratorController.py in Resources */ = {isa = PBXBuildFile; fileRef = 3BB0C1E310C2E1AC00B2AC22 /* PasswordGeneratorController.py */; };
		3BE69F40106E67850034E04A /* EntryWindowController.py in Resources */ = {isa = PBXBuildFile; fileRef = 3BE69F3F106E67850034E04A /* EntryWindowController.py */; };
		77631A270C06C501005415CB /* Python.framework in Frameworks */ = {isa = PBXBuildFile; fileRef = 77631A260C06C501005415CB /* Python.framework */; };
		77631A3F0C0748CF005415CB /* main.py in Resources */ = {isa = PBXBuildFile; fileRef = 77631A3E0C0748CF005415CB /* main.py */; };
		77C8C1F90C07829500965286 /* MainMenu.xib in Resources */ = {isa = PBXBuildFile; fileRef = 77C8C1F70C07829500965286 /* MainMenu.xib */; };
		8D11072B0486CEB800E47090 /* InfoPlist.strings in Resources */ = {isa = PBXBuildFile; fileRef = 089C165CFE840E0CC02AAC07 /* InfoPlist.strings */; };
		8D11072D0486CEB800E47090 /* main.m in Sources */ = {isa = PBXBuildFile; fileRef = 29B97316FDCFA39411CA2CEA /* main.m */; settings = {ATTRIBUTES = (); }; };
		8D11072F0486CEB800E47090 /* Cocoa.framework in Frameworks */ = {isa = PBXBuildFile; fileRef = 1058C7A1FEA54F0111CA2CBB /* Cocoa.framework */; };
/* End PBXBuildFile section */

/* Begin PBXCopyFilesBuildPhase section */
		3B1ED5A3106FDA150056082F /* Copy loxodo */ = {
			isa = PBXCopyFilesBuildPhase;
			buildActionMask = 2147483647;
			dstPath = loxodo;
			dstSubfolderSpec = 7;
			files = (
				3B1ED5A4106FDA5B0056082F /* __init__.py in Copy loxodo */,
				3B1ED59D106FD8790056082F /* vault.py in Copy loxodo */,
			);
			name = "Copy loxodo";
			runOnlyForDeploymentPostprocessing = 0;
		};
		3B1ED5AB106FDAA00056082F /* Copy twofish */ = {
			isa = PBXCopyFilesBuildPhase;
			buildActionMask = 2147483647;
			dstPath = loxodo/twofish;
			dstSubfolderSpec = 7;
			files = (
				3B1ED5A7106FDA820056082F /* __init__.py in Copy twofish */,
				3B1ED5A8106FDA820056082F /* twofish.py in Copy twofish */,
				3B1ED5A9106FDA820056082F /* twofish_cbc.py in Copy twofish */,
				3B1ED5AA106FDA820056082F /* twofish_ecb.py in Copy twofish */,
			);
			name = "Copy twofish";
			runOnlyForDeploymentPostprocessing = 0;
		};
		3BA964B8106D717100C66D59 /* Copy Frameworks */ = {
			isa = PBXCopyFilesBuildPhase;
			buildActionMask = 2147483647;
			dstPath = "";
			dstSubfolderSpec = 10;
			files = (
				3B4D2BC710ADC22900DC23DE /* Sparkle.framework in Copy Frameworks */,
				3BA964BF106D718C00C66D59 /* BWToolkitFramework.framework in Copy Frameworks */,
			);
			name = "Copy Frameworks";
			runOnlyForDeploymentPostprocessing = 0;
		};
/* End PBXCopyFilesBuildPhase section */

/* Begin PBXFileReference section */
		089C165DFE840E0CC02AAC07 /* English */ = {isa = PBXFileReference; fileEncoding = 10; lastKnownFileType = text.plist.strings; name = English; path = English.lproj/InfoPlist.strings; sourceTree = "<group>"; };
		1058C7A1FEA54F0111CA2CBB /* Cocoa.framework */ = {isa = PBXFileReference; lastKnownFileType = wrapper.framework; name = Cocoa.framework; path = /System/Library/Frameworks/Cocoa.framework; sourceTree = "<absolute>"; };
		13E42FB307B3F0F600E4EEF1 /* CoreData.framework */ = {isa = PBXFileReference; lastKnownFileType = wrapper.framework; name = CoreData.framework; path = /System/Library/Frameworks/CoreData.framework; sourceTree = "<absolute>"; };
		29B97316FDCFA39411CA2CEA /* main.m */ = {isa = PBXFileReference; fileEncoding = 4; lastKnownFileType = sourcecode.c.objc; name = main.m; path = src/main.m; sourceTree = "<group>"; };
		29B97324FDCFA39411CA2CEA /* AppKit.framework */ = {isa = PBXFileReference; lastKnownFileType = wrapper.framework; name = AppKit.framework; path = /System/Library/Frameworks/AppKit.framework; sourceTree = "<absolute>"; };
		29B97325FDCFA39411CA2CEA /* Foundation.framework */ = {isa = PBXFileReference; lastKnownFileType = wrapper.framework; name = Foundation.framework; path = /System/Library/Frameworks/Foundation.framework; sourceTree = "<absolute>"; };
		32CA4F630368D1EE00C91783 /* PasswordChest_Prefix.pch */ = {isa = PBXFileReference; fileEncoding = 4; lastKnownFileType = sourcecode.c.h; path = PasswordChest_Prefix.pch; sourceTree = "<group>"; };
		3B1ED4CE106F91400056082F /* English */ = {isa = PBXFileReference; lastKnownFileType = file.xib; name = English; path = ../passwordchest/English.lproj/PasswordDialog.xib; sourceTree = "<group>"; };
		3B1ED4E5106FBAD80056082F /* PasswordDialogController.py */ = {isa = PBXFileReference; fileEncoding = 4; lastKnownFileType = text.script.python; name = PasswordDialogController.py; path = ../passwordchest/src/PasswordDialogController.py; sourceTree = SOURCE_ROOT; };
		3B1ED584106FD56C0056082F /* __init__.py */ = {isa = PBXFileReference; fileEncoding = 4; lastKnownFileType = text.script.python; name = __init__.py; path = ../passwordchest/src/__init__.py; sourceTree = SOURCE_ROOT; };
		3B1ED59C106FD8790056082F /* vault.py */ = {isa = PBXFileReference; fileEncoding = 4; lastKnownFileType = text.script.python; path = vault.py; sourceTree = "<group>"; };
		3B387B7E106D76390081CC64 /* PCDataSource.py */ = {isa = PBXFileReference; fileEncoding = 4; lastKnownFileType = text.script.python; name = PCDataSource.py; path = src/PCDataSource.py; sourceTree = "<group>"; };
		3B4AA51B10CA9E0C00BB1028 /* German */ = {isa = PBXFileReference; lastKnownFileType = file.xib; name = German; path = ../passwordchest/German.lproj/EntryWindow.xib; sourceTree = SOURCE_ROOT; };
		3B4AA51D10CA9EEC00BB1028 /* German */ = {isa = PBXFileReference; lastKnownFileType = file.xib; name = German; path = German.lproj/PasswordGenerator.xib; sourceTree = "<group>"; };
		3B4AA52010CA9F6B00BB1028 /* German */ = {isa = PBXFileReference; lastKnownFileType = file.xib; name = German; path = ../passwordchest/German.lproj/PreferencesWindow.xib; sourceTree = "<group>"; };
		3B4AA52510CAA0A500BB1028 /* German */ = {isa = PBXFileReference; lastKnownFileType = file.xib; name = German; path = German.lproj/MainMenu.xib; sourceTree = "<group>"; };
		3B4AA5DB10CABEC100BB1028 /* English */ = {isa = PBXFileReference; fileEncoding = 5; lastKnownFileType = text.plist.strings; name = English; path = ../passwordchest/English.lproj/Localizable.strings; sourceTree = SOURCE_ROOT; };
		3B4AA5DD10CABEDC00BB1028 /* German */ = {isa = PBXFileReference; lastKnownFileType = text.plist.strings; name = German; path = ../passwordchest/German.lproj/Localizable.strings; sourceTree = SOURCE_ROOT; };
		3B4D2B2610AD7FD600DC23DE /* PasswordChestAppDelegate.py */ = {isa = PBXFileReference; fileEncoding = 4; lastKnownFileType = text.script.python; name = PasswordChestAppDelegate.py; path = ../passwordchest/src/PasswordChestAppDelegate.py; sourceTree = SOURCE_ROOT; };
		3B4D2B3E10AD820700DC23DE /* PCSplitView.py */ = {isa = PBXFileReference; fileEncoding = 4; lastKnownFileType = text.script.python; name = PCSplitView.py; path = ../passwordchest/src/PCSplitView.py; sourceTree = SOURCE_ROOT; };
		3B4D2BBD10ADC1FE00DC23DE /* Sparkle.framework */ = {isa = PBXFileReference; lastKnownFileType = wrapper.framework; name = Sparkle.framework; path = ../passwordchest/lib/Sparkle.framework; sourceTree = SOURCE_ROOT; };
		3B6267AE10A5CAE7000E18D6 /* English */ = {isa = PBXFileReference; lastKnownFileType = file.xib; name = English; path = ../passwordchest/English.lproj/PreferencesWindow.xib; sourceTree = "<group>"; };
		3B6267B710A5D679000E18D6 /* PreferencesWindowController.py */ = {isa = PBXFileReference; fileEncoding = 4; lastKnownFileType = text.script.python; name = PreferencesWindowController.py; path = ../passwordchest/src/PreferencesWindowController.py; sourceTree = SOURCE_ROOT; };
		3B6267DD10A5DF5E000E18D6 /* Defaults.plist */ = {isa = PBXFileReference; fileEncoding = 4; lastKnownFileType = text.plist.xml; name = Defaults.plist; path = ../passwordchest/Defaults.plist; sourceTree = SOURCE_ROOT; };
		3B62E5B3108B74B800F698EE /* util.py */ = {isa = PBXFileReference; fileEncoding = 4; lastKnownFileType = text.script.python; name = util.py; path = src/util.py; sourceTree = "<group>"; };
		3B7BCF1710CA982400E65C41 /* German */ = {isa = PBXFileReference; lastKnownFileType = file.xib; name = German; path = German.lproj/PCDocument.xib; sourceTree = "<group>"; };
		3B7BCF1F10CA9A2400E65C41 /* German */ = {isa = PBXFileReference; lastKnownFileType = file.xib; name = German; path = ../passwordchest/German.lproj/PasswordDialog.xib; sourceTree = "<group>"; };
		3B90CCCA10E6192F001DA845 /* dsa_pub.pem */ = {isa = PBXFileReference; fileEncoding = 4; lastKnownFileType = text; name = dsa_pub.pem; path = ../passwordchest/dsa_pub.pem; sourceTree = SOURCE_ROOT; };
		3BA9645A106D70D500C66D59 /* BWToolkitFramework.framework */ = {isa = PBXFileReference; lastKnownFileType = wrapper.framework; name = BWToolkitFramework.framework; path = /Users/hupf/Development/passwordchest/lib/BWToolkitFramework.framework; sourceTree = "<absolute>"; };
		3BA964C1106D71BA00C66D59 /* English */ = {isa = PBXFileReference; lastKnownFileType = file.xib; name = English; path = English.lproj/PCDocument.xib; sourceTree = "<group>"; };
		3BA964C4106D71D200C66D59 /* English */ = {isa = PBXFileReference; lastKnownFileType = file.xib; name = English; path = ../passwordchest/English.lproj/EntryWindow.xib; sourceTree = SOURCE_ROOT; };
		3BAE89E0107F96E10071CE06 /* chest.icns */ = {isa = PBXFileReference; lastKnownFileType = image.icns; path = chest.icns; sourceTree = "<group>"; };
		3BAE8A77107FBA440071CE06 /* PCDocument.py */ = {isa = PBXFileReference; fileEncoding = 4; lastKnownFileType = text.script.python; name = PCDocument.py; path = src/PCDocument.py; sourceTree = "<group>"; };
		3BAE8A88107FBC180071CE06 /* English */ = {isa = PBXFileReference; lastKnownFileType = text.rtf; name = English; path = English.lproj/Credits.rtf; sourceTree = "<group>"; };
		3BAE8ABC107FDDDD0071CE06 /* chest-document.icns */ = {isa = PBXFileReference; lastKnownFileType = image.icns; path = "chest-document.icns"; sourceTree = "<group>"; };
		3BB0C1E310C2E1AC00B2AC22 /* PasswordGeneratorController.py */ = {isa = PBXFileReference; fileEncoding = 4; lastKnownFileType = text.script.python; name = PasswordGeneratorController.py; path = ../passwordchest/src/PasswordGeneratorController.py; sourceTree = SOURCE_ROOT; };
		3BE69F3F106E67850034E04A /* EntryWindowController.py */ = {isa = PBXFileReference; fileEncoding = 4; lastKnownFileType = text.script.python; name = EntryWindowController.py; path = ../passwordchest/src/EntryWindowController.py; sourceTree = SOURCE_ROOT; };
		3BE69F54106E6F250034E04A /* English */ = {isa = PBXFileReference; lastKnownFileType = file.xib; name = English; path = English.lproj/PasswordGenerator.xib; sourceTree = "<group>"; };
		3BE6A004106EBCDD0034E04A /* __init__.py */ = {isa = PBXFileReference; fileEncoding = 4; lastKnownFileType = text.script.python; path = __init__.py; sourceTree = "<group>"; };
		3BE6A006106EBCDD0034E04A /* __init__.py */ = {isa = PBXFileReference; fileEncoding = 4; lastKnownFileType = text.script.python; path = __init__.py; sourceTree = "<group>"; };
		3BE6A007106EBCDD0034E04A /* twofish.py */ = {isa = PBXFileReference; fileEncoding = 4; lastKnownFileType = text.script.python; path = twofish.py; sourceTree = "<group>"; };
		3BE6A008106EBCDD0034E04A /* twofish_cbc.py */ = {isa = PBXFileReference; fileEncoding = 4; lastKnownFileType = text.script.python; path = twofish_cbc.py; sourceTree = "<group>"; };
		3BE6A009106EBCDD0034E04A /* twofish_ecb.py */ = {isa = PBXFileReference; fileEncoding = 4; lastKnownFileType = text.script.python; path = twofish_ecb.py; sourceTree = "<group>"; };
		77631A260C06C501005415CB /* Python.framework */ = {isa = PBXFileReference; lastKnownFileType = wrapper.framework; name = Python.framework; path = /System/Library/Frameworks/Python.framework; sourceTree = "<absolute>"; };
		77631A3E0C0748CF005415CB /* main.py */ = {isa = PBXFileReference; fileEncoding = 4; lastKnownFileType = text.script.python; name = main.py; path = src/main.py; sourceTree = "<group>"; };
		77C8C1F80C07829500965286 /* English */ = {isa = PBXFileReference; lastKnownFileType = file.xib; name = English; path = English.lproj/MainMenu.xib; sourceTree = "<group>"; };
		8D1107310486CEB800E47090 /* Info.plist */ = {isa = PBXFileReference; fileEncoding = 4; lastKnownFileType = text.plist.xml; path = Info.plist; sourceTree = "<group>"; };
		8D1107320486CEB800E47090 /* Password Chest.app */ = {isa = PBXFileReference; explicitFileType = wrapper.application; includeInIndex = 0; path = "Password Chest.app"; sourceTree = BUILT_PRODUCTS_DIR; };
/* End PBXFileReference section */

/* Begin PBXFrameworksBuildPhase section */
		8D11072E0486CEB800E47090 /* Frameworks */ = {
			isa = PBXFrameworksBuildPhase;
			buildActionMask = 2147483647;
			files = (
				8D11072F0486CEB800E47090 /* Cocoa.framework in Frameworks */,
				77631A270C06C501005415CB /* Python.framework in Frameworks */,
				3BA9645B106D70D500C66D59 /* BWToolkitFramework.framework in Frameworks */,
				3B4D2BBE10ADC1FE00DC23DE /* Sparkle.framework in Frameworks */,
			);
			runOnlyForDeploymentPostprocessing = 0;
		};
/* End PBXFrameworksBuildPhase section */

/* Begin PBXGroup section */
		080E96DDFE201D6D7F000001 /* Classes */ = {
			isa = PBXGroup;
			children = (
				3BE6A003106EBCDD0034E04A /* loxodo */,
				29B97315FDCFA39411CA2CEA /* Other Sources */,
				3B1ED584106FD56C0056082F /* __init__.py */,
				3B4D2B2610AD7FD600DC23DE /* PasswordChestAppDelegate.py */,
				3BAE8A77107FBA440071CE06 /* PCDocument.py */,
				3B387B7E106D76390081CC64 /* PCDataSource.py */,
				3B4D2B3E10AD820700DC23DE /* PCSplitView.py */,
				3B1ED4E5106FBAD80056082F /* PasswordDialogController.py */,
				3BE69F3F106E67850034E04A /* EntryWindowController.py */,
				3BB0C1E310C2E1AC00B2AC22 /* PasswordGeneratorController.py */,
				3B6267B710A5D679000E18D6 /* PreferencesWindowController.py */,
				3B62E5B3108B74B800F698EE /* util.py */,
			);
			name = Classes;
			sourceTree = "<group>";
		};
		1058C7A0FEA54F0111CA2CBB /* Linked Frameworks */ = {
			isa = PBXGroup;
			children = (
				3B4D2BBD10ADC1FE00DC23DE /* Sparkle.framework */,
				3BA9645A106D70D500C66D59 /* BWToolkitFramework.framework */,
				77631A260C06C501005415CB /* Python.framework */,
				1058C7A1FEA54F0111CA2CBB /* Cocoa.framework */,
			);
			name = "Linked Frameworks";
			sourceTree = "<group>";
		};
		1058C7A2FEA54F0111CA2CBB /* Other Frameworks */ = {
			isa = PBXGroup;
			children = (
				29B97324FDCFA39411CA2CEA /* AppKit.framework */,
				13E42FB307B3F0F600E4EEF1 /* CoreData.framework */,
				29B97325FDCFA39411CA2CEA /* Foundation.framework */,
			);
			name = "Other Frameworks";
			sourceTree = "<group>";
		};
		19C28FACFE9D520D11CA2CBB /* Products */ = {
			isa = PBXGroup;
			children = (
				8D1107320486CEB800E47090 /* Password Chest.app */,
			);
			name = Products;
			sourceTree = "<group>";
		};
		29B97314FDCFA39411CA2CEA /* PasswordChest */ = {
			isa = PBXGroup;
			children = (
				080E96DDFE201D6D7F000001 /* Classes */,
				29B97317FDCFA39411CA2CEA /* Resources */,
				29B97323FDCFA39411CA2CEA /* Frameworks */,
				19C28FACFE9D520D11CA2CBB /* Products */,
			);
			name = PasswordChest;
			sourceTree = "<group>";
		};
		29B97315FDCFA39411CA2CEA /* Other Sources */ = {
			isa = PBXGroup;
			children = (
				32CA4F630368D1EE00C91783 /* PasswordChest_Prefix.pch */,
				29B97316FDCFA39411CA2CEA /* main.m */,
				77631A3E0C0748CF005415CB /* main.py */,
			);
			name = "Other Sources";
			sourceTree = "<group>";
		};
		29B97317FDCFA39411CA2CEA /* Resources */ = {
			isa = PBXGroup;
			children = (
				3B4AA5DA10CABEC100BB1028 /* Localizable.strings */,
				77C8C1F70C07829500965286 /* MainMenu.xib */,
				3BA964C0106D71BA00C66D59 /* PCDocument.xib */,
				3B4D2B2C10AD807F00DC23DE /* PasswordDialog.xib */,
				3BA964C3106D71D200C66D59 /* EntryWindow.xib */,
				3B4D2B2E10AD808F00DC23DE /* PasswordGenerator.xib */,
				3B4D2B3010AD809900DC23DE /* PreferencesWindow.xib */,
				8D1107310486CEB800E47090 /* Info.plist */,
				089C165CFE840E0CC02AAC07 /* InfoPlist.strings */,
				3B6267DD10A5DF5E000E18D6 /* Defaults.plist */,
				3BAE8A87107FBC180071CE06 /* Credits.rtf */,
				3B90CCCA10E6192F001DA845 /* dsa_pub.pem */,
				3BAE89E0107F96E10071CE06 /* chest.icns */,
				3BAE8ABC107FDDDD0071CE06 /* chest-document.icns */,
			);
			name = Resources;
			sourceTree = "<group>";
		};
		29B97323FDCFA39411CA2CEA /* Frameworks */ = {
			isa = PBXGroup;
			children = (
				1058C7A0FEA54F0111CA2CBB /* Linked Frameworks */,
				1058C7A2FEA54F0111CA2CBB /* Other Frameworks */,
			);
			name = Frameworks;
			sourceTree = "<group>";
		};
		3BE6A003106EBCDD0034E04A /* loxodo */ = {
			isa = PBXGroup;
			children = (
				3BE6A005106EBCDD0034E04A /* twofish */,
				3BE6A004106EBCDD0034E04A /* __init__.py */,
				3B1ED59C106FD8790056082F /* vault.py */,
			);
			includeInIndex = 1;
			name = loxodo;
			path = ../passwordchest/src/loxodo;
			sourceTree = SOURCE_ROOT;
		};
		3BE6A005106EBCDD0034E04A /* twofish */ = {
			isa = PBXGroup;
			children = (
				3BE6A006106EBCDD0034E04A /* __init__.py */,
				3BE6A007106EBCDD0034E04A /* twofish.py */,
				3BE6A008106EBCDD0034E04A /* twofish_cbc.py */,
				3BE6A009106EBCDD0034E04A /* twofish_ecb.py */,
			);
			path = twofish;
			sourceTree = "<group>";
		};
/* End PBXGroup section */

/* Begin PBXNativeTarget section */
		8D1107260486CEB800E47090 /* Password Chest */ = {
			isa = PBXNativeTarget;
			buildConfigurationList = C01FCF4A08A954540054247B /* Build configuration list for PBXNativeTarget "Password Chest" */;
			buildPhases = (
				8D1107290486CEB800E47090 /* Resources */,
				8D11072C0486CEB800E47090 /* Sources */,
				8D11072E0486CEB800E47090 /* Frameworks */,
				3BA964B8106D717100C66D59 /* Copy Frameworks */,
				3B1ED5A3106FDA150056082F /* Copy loxodo */,
				3B1ED5AB106FDAA00056082F /* Copy twofish */,
			);
			buildRules = (
			);
			dependencies = (
			);
			name = "Password Chest";
			productInstallPath = "$(HOME)/Applications";
			productName = PasswordChest;
			productReference = 8D1107320486CEB800E47090 /* Password Chest.app */;
			productType = "com.apple.product-type.application";
		};
/* End PBXNativeTarget section */

/* Begin PBXProject section */
		29B97313FDCFA39411CA2CEA /* Project object */ = {
			isa = PBXProject;
			attributes = {
				ORGANIZATIONNAME = "Mathis Hofer";
			};
			buildConfigurationList = C01FCF4E08A954540054247B /* Build configuration list for PBXProject "PasswordChest" */;
			compatibilityVersion = "Xcode 3.0";
			hasScannedForEncodings = 1;
			mainGroup = 29B97314FDCFA39411CA2CEA /* PasswordChest */;
			projectDirPath = "";
			projectRoot = "";
			targets = (
				8D1107260486CEB800E47090 /* Password Chest */,
			);
		};
/* End PBXProject section */

/* Begin PBXResourcesBuildPhase section */
		8D1107290486CEB800E47090 /* Resources */ = {
			isa = PBXResourcesBuildPhase;
			buildActionMask = 2147483647;
			files = (
				8D11072B0486CEB800E47090 /* InfoPlist.strings in Resources */,
				77C8C1F90C07829500965286 /* MainMenu.xib in Resources */,
				3BA964C2106D71BA00C66D59 /* PCDocument.xib in Resources */,
				3BA964C5106D71D200C66D59 /* EntryWindow.xib in Resources */,
				3B4D2B2D10AD807F00DC23DE /* PasswordDialog.xib in Resources */,
				3B4D2B2F10AD808F00DC23DE /* PasswordGenerator.xib in Resources */,
				3B1ED5A5106FDA5F0056082F /* __init__.py in Resources */,
				77631A3F0C0748CF005415CB /* main.py in Resources */,
				3B387B7F106D76390081CC64 /* PCDataSource.py in Resources */,
				3BE69F40106E67850034E04A /* EntryWindowController.py in Resources */,
				3B1ED4E6106FBAD80056082F /* PasswordDialogController.py in Resources */,
				3BAE89E1107F96E10071CE06 /* chest.icns in Resources */,
				3BAE8A78107FBA440071CE06 /* PCDocument.py in Resources */,
				3BAE8A89107FBC180071CE06 /* Credits.rtf in Resources */,
				3BAE8ABD107FDDDD0071CE06 /* chest-document.icns in Resources */,
				3B62E5B4108B74B800F698EE /* util.py in Resources */,
				3B4D2B3110AD809900DC23DE /* PreferencesWindow.xib in Resources */,
				3B6267B810A5D679000E18D6 /* PreferencesWindowController.py in Resources */,
				3B6267DE10A5DF5E000E18D6 /* Defaults.plist in Resources */,
				3B4D2B2710AD7FD600DC23DE /* PasswordChestAppDelegate.py in Resources */,
				3B4D2B3F10AD820700DC23DE /* PCSplitView.py in Resources */,
				3BB0C1E410C2E1AC00B2AC22 /* PasswordGeneratorController.py in Resources */,
				3B4AA5DC10CABEC100BB1028 /* Localizable.strings in Resources */,
				3B90CCCB10E6192F001DA845 /* dsa_pub.pem in Resources */,
			);
			runOnlyForDeploymentPostprocessing = 0;
		};
/* End PBXResourcesBuildPhase section */

/* Begin PBXSourcesBuildPhase section */
		8D11072C0486CEB800E47090 /* Sources */ = {
			isa = PBXSourcesBuildPhase;
			buildActionMask = 2147483647;
			files = (
				8D11072D0486CEB800E47090 /* main.m in Sources */,
			);
			runOnlyForDeploymentPostprocessing = 0;
		};
/* End PBXSourcesBuildPhase section */

/* Begin PBXVariantGroup section */
		089C165CFE840E0CC02AAC07 /* InfoPlist.strings */ = {
			isa = PBXVariantGroup;
			children = (
				089C165DFE840E0CC02AAC07 /* English */,
			);
			name = InfoPlist.strings;
			sourceTree = "<group>";
		};
		3B4AA5DA10CABEC100BB1028 /* Localizable.strings */ = {
			isa = PBXVariantGroup;
			children = (
				3B4AA5DB10CABEC100BB1028 /* English */,
				3B4AA5DD10CABEDC00BB1028 /* German */,
			);
			name = Localizable.strings;
			sourceTree = "<group>";
		};
		3B4D2B2C10AD807F00DC23DE /* PasswordDialog.xib */ = {
			isa = PBXVariantGroup;
			children = (
				3B1ED4CE106F91400056082F /* English */,
				3B7BCF1F10CA9A2400E65C41 /* German */,
			);
			name = PasswordDialog.xib;
			sourceTree = "<group>";
		};
		3B4D2B2E10AD808F00DC23DE /* PasswordGenerator.xib */ = {
			isa = PBXVariantGroup;
			children = (
				3BE69F54106E6F250034E04A /* English */,
				3B4AA51D10CA9EEC00BB1028 /* German */,
			);
			name = PasswordGenerator.xib;
			sourceTree = "<group>";
		};
		3B4D2B3010AD809900DC23DE /* PreferencesWindow.xib */ = {
			isa = PBXVariantGroup;
			children = (
				3B6267AE10A5CAE7000E18D6 /* English */,
				3B4AA52010CA9F6B00BB1028 /* German */,
			);
			name = PreferencesWindow.xib;
			sourceTree = "<group>";
		};
		3BA964C0106D71BA00C66D59 /* PCDocument.xib */ = {
			isa = PBXVariantGroup;
			children = (
				3BA964C1106D71BA00C66D59 /* English */,
				3B7BCF1710CA982400E65C41 /* German */,
			);
			name = PCDocument.xib;
			sourceTree = "<group>";
		};
		3BA964C3106D71D200C66D59 /* EntryWindow.xib */ = {
			isa = PBXVariantGroup;
			children = (
				3BA964C4106D71D200C66D59 /* English */,
				3B4AA51B10CA9E0C00BB1028 /* German */,
			);
			name = EntryWindow.xib;
			sourceTree = "<group>";
		};
		3BAE8A87107FBC180071CE06 /* Credits.rtf */ = {
			isa = PBXVariantGroup;
			children = (
				3BAE8A88107FBC180071CE06 /* English */,
			);
			name = Credits.rtf;
			sourceTree = "<group>";
		};
		77C8C1F70C07829500965286 /* MainMenu.xib */ = {
			isa = PBXVariantGroup;
			children = (
				77C8C1F80C07829500965286 /* English */,
				3B4AA52510CAA0A500BB1028 /* German */,
			);
			name = MainMenu.xib;
			sourceTree = "<group>";
		};
/* End PBXVariantGroup section */

/* Begin XCBuildConfiguration section */
		C01FCF4B08A954540054247B /* Debug */ = {
			isa = XCBuildConfiguration;
			buildSettings = {
				COPY_PHASE_STRIP = NO;
				FRAMEWORK_SEARCH_PATHS = (
					"$(inherited)",
					"\"$(SRCROOT)/../passwordchest/lib\"",
				);
				GCC_DYNAMIC_NO_PIC = NO;
				GCC_ENABLE_FIX_AND_CONTINUE = YES;
				GCC_MODEL_TUNING = G5;
				GCC_OPTIMIZATION_LEVEL = 0;
				GCC_PRECOMPILE_PREFIX_HEADER = YES;
				GCC_PREFIX_HEADER = PasswordChest_Prefix.pch;
				INFOPLIST_FILE = Info.plist;
				INSTALL_PATH = "$(HOME)/Applications";
				PRODUCT_NAME = "Password Chest";
				WRAPPER_EXTENSION = app;
				ZERO_LINK = YES;
			};
			name = Debug;
		};
		C01FCF4C08A954540054247B /* Release */ = {
			isa = XCBuildConfiguration;
			buildSettings = {
				DEBUG_INFORMATION_FORMAT = "dwarf-with-dsym";
				FRAMEWORK_SEARCH_PATHS = (
					"$(inherited)",
					"\"$(SRCROOT)/../passwordchest/lib\"",
				);
				GCC_MODEL_TUNING = G5;
				GCC_PRECOMPILE_PREFIX_HEADER = YES;
				GCC_PREFIX_HEADER = PasswordChest_Prefix.pch;
				INFOPLIST_FILE = Info.plist;
				INSTALL_PATH = "$(HOME)/Applications";
				PRODUCT_NAME = "Password Chest";
				WRAPPER_EXTENSION = app;
			};
			name = Release;
		};
		C01FCF4F08A954540054247B /* Debug */ = {
			isa = XCBuildConfiguration;
			buildSettings = {
				ARCHS = "$(ARCHS_STANDARD_32_BIT_PRE_XCODE_3_1)";
				ARCHS_STANDARD_32_BIT_PRE_XCODE_3_1 = "ppc i386";
				GCC_WARN_ABOUT_RETURN_TYPE = YES;
				GCC_WARN_UNUSED_VARIABLE = YES;
				PREBINDING = NO;
				SDKROOT = "$(DEVELOPER_SDK_DIR)/MacOSX10.5.sdk";
				STRINGS_FILE_OUTPUT_ENCODING = "UTF-16";
			};
			name = Debug;
		};
		C01FCF5008A954540054247B /* Release */ = {
			isa = XCBuildConfiguration;
			buildSettings = {
				ARCHS = "$(ARCHS_STANDARD_32_BIT_PRE_XCODE_3_1)";
				ARCHS_STANDARD_32_BIT_PRE_XCODE_3_1 = "ppc i386";
				GCC_C_LANGUAGE_STANDARD = gnu99;
				GCC_WARN_ABOUT_RETURN_TYPE = YES;
				GCC_WARN_UNUSED_VARIABLE = YES;
				PREBINDING = NO;
				SDKROOT = "$(DEVELOPER_SDK_DIR)/MacOSX10.5.sdk";
			};
			name = Release;
		};
/* End XCBuildConfiguration section */

/* Begin XCConfigurationList section */
		C01FCF4A08A954540054247B /* Build configuration list for PBXNativeTarget "Password Chest" */ = {
			isa = XCConfigurationList;
			buildConfigurations = (
				C01FCF4B08A954540054247B /* Debug */,
				C01FCF4C08A954540054247B /* Release */,
			);
			defaultConfigurationIsVisible = 0;
			defaultConfigurationName = Release;
		};
		C01FCF4E08A954540054247B /* Build configuration list for PBXProject "PasswordChest" */ = {
			isa = XCConfigurationList;
			buildConfigurations = (
				C01FCF4F08A954540054247B /* Debug */,
				C01FCF5008A954540054247B /* Release */,
			);
			defaultConfigurationIsVisible = 0;
			defaultConfigurationName = Release;
		};
/* End XCConfigurationList section */
	};
	rootObject = 29B97313FDCFA39411CA2CEA /* Project object */;
}
